
Microsoft Visual Studio Solution File, Format Version 12.00
# Visual Studio Version 16
VisualStudioVersion = 16.0.33027.164
MinimumVisualStudioVersion = 10.0.40219.1
Project("{FAE04EC0-301F-11D3-BF4B-00C04F79EFBC}") = "CRMS.WebUI", "CRMS.WebUI\CRMS.WebUI.csproj", "{FDE84004-3212-425A-892D-FDCAC4F0D86B}"
EndProject
Project("{FAE04EC0-301F-11D3-BF4B-00C04F79EFBC}") = "CRMS.DataAccess.SQL", "CRMS.DataAccess.SQL\CRMS.DataAccess.SQL.csproj", "{6C03F3F3-5B89-4A6C-9F92-12FF096BEC03}"
EndProject
Project("{FAE04EC0-301F-11D3-BF4B-00C04F79EFBC}") = "CRMS.Services", "CRMS.Services\CRMS.Services.csproj", "{EB3A5F74-613F-4949-A830-8977F6108A5B}"
EndProject
Project("{FAE04EC0-301F-11D3-BF4B-00C04F79EFBC}") = "CRMS.Core", "CRMS.Core\CRMS.Core.csproj", "{132DAA78-E07D-4036-96A3-C9732EABD8A0}"
EndProject
Global
	GlobalSection(SolutionConfigurationPlatforms) = preSolution
		Debug|Any CPU = Debug|Any CPU
		Release|Any CPU = Release|Any CPU
	EndGlobalSection
	GlobalSection(ProjectConfigurationPlatforms) = postSolution
		{FDE84004-3212-425A-892D-FDCAC4F0D86B}.Debug|Any CPU.ActiveCfg = Debug|Any CPU
		{FDE84004-3212-425A-892D-FDCAC4F0D86B}.Debug|Any CPU.Build.0 = Debug|Any CPU
		{FDE84004-3212-425A-892D-FDCAC4F0D86B}.Release|Any CPU.ActiveCfg = Release|Any CPU
		{FDE84004-3212-425A-892D-FDCAC4F0D86B}.Release|Any CPU.Build.0 = Release|Any CPU
		{6C03F3F3-5B89-4A6C-9F92-12FF096BEC03}.Debug|Any CPU.ActiveCfg = Debug|Any CPU
		{6C03F3F3-5B89-4A6C-9F92-12FF096BEC03}.Debug|Any CPU.Build.0 = Debug|Any CPU
		{6C03F3F3-5B89-4A6C-9F92-12FF096BEC03}.Release|Any CPU.ActiveCfg = Release|Any CPU
		{6C03F3F3-5B89-4A6C-9F92-12FF096BEC03}.Release|Any CPU.Build.0 = Release|Any CPU
		{EB3A5F74-613F-4949-A830-8977F6108A5B}.Debug|Any CPU.ActiveCfg = Debug|Any CPU
		{EB3A5F74-613F-4949-A830-8977F6108A5B}.Debug|Any CPU.Build.0 = Debug|Any CPU
		{EB3A5F74-613F-4949-A830-8977F6108A5B}.Release|Any CPU.ActiveCfg = Release|Any CPU
		{EB3A5F74-613F-4949-A830-8977F6108A5B}.Release|Any CPU.Build.0 = Release|Any CPU
		{132DAA78-E07D-4036-96A3-C9732EABD8A0}.Debug|Any CPU.ActiveCfg = Debug|Any CPU
		{132DAA78-E07D-4036-96A3-C9732EABD8A0}.Debug|Any CPU.Build.0 = Debug|Any CPU
		{132DAA78-E07D-4036-96A3-C9732EABD8A0}.Release|Any CPU.ActiveCfg = Release|Any CPU
		{132DAA78-E07D-4036-96A3-C9732EABD8A0}.Release|Any CPU.Build.0 = Release|Any CPU
	EndGlobalSection
	GlobalSection(SolutionProperties) = preSolution
		HideSolutionNode = FALSE
	EndGlobalSection
	GlobalSection(ExtensibilityGlobals) = postSolution
		SolutionGuid = {5B13B96F-A727-4F9A-B8E6-6CB3C64FFD43}
	EndGlobalSection
EndGlobal
